
Microsoft Visual Studio Solution File, Format Version 12.00
# Visual Studio 15
Project("{FAE04EC0-301F-11D3-BF4B-00C04F79EFBC}") = "UseDomainModel", "UseDomainModel.csproj", "{593C801D-2B60-4E94-BCCC-0F95A1CEA084}"
EndProject
Global
	GlobalSection(SolutionConfigurationPlatforms) = preSolution
		Debug|Any CPU = Debug|Any CPU
		Release|Any CPU = Release|Any CPU
	EndGlobalSection
	GlobalSection(ProjectConfigurationPlatforms) = postSolution
		{593C801D-2B60-4E94-BCCC-0F95A1CEA084}.Debug|Any CPU.ActiveCfg = Debug|Any CPU
		{593C801D-2B60-4E94-BCCC-0F95A1CEA084}.Debug|Any CPU.Build.0 = Debug|Any CPU
		{593C801D-2B60-4E94-BCCC-0F95A1CEA084}.Release|Any CPU.ActiveCfg = Release|Any CPU
		{593C801D-2B60-4E94-BCCC-0F95A1CEA084}.Release|Any CPU.Build.0 = Release|Any CPU
	EndGlobalSection
EndGlobal
